
Microsoft Visual Studio Solution File, Format Version 12.00
# Visual Studio 15
VisualStudioVersion = 15.0.28307.136
MinimumVisualStudioVersion = 10.0.40219.1
Project("{2150E333-8FDC-42A3-9474-1A3956D46DE8}") = "Web", "Web", "{6033CA2F-B845-4F64-9475-8CE595B4162B}"
EndProject
Project("{9A19103F-16F7-4668-BE54-9A1E7A4F7556}") = "Foody.Web", "Web\Foody.Web\Foody.Web.csproj", "{FCBCA485-F593-41ED-8B75-3F6B782A3975}"
EndProject
Project("{2150E333-8FDC-42A3-9474-1A3956D46DE8}") = "Data", "Data", "{543FC3D6-0109-497A-B917-23261BB99708}"
EndProject
Project("{9A19103F-16F7-4668-BE54-9A1E7A4F7556}") = "Foody.Data", "Data\Foody.Data\Foody.Data.csproj", "{35D3E583-1577-40AE-9278-73174E096780}"
EndProject
Project("{9A19103F-16F7-4668-BE54-9A1E7A4F7556}") = "Foody.Data.Models", "Data\Foody.Data.Models\Foody.Data.Models.csproj", "{97F4093F-1547-472B-A302-3DA00E8AB9B7}"
EndProject
Project("{2150E333-8FDC-42A3-9474-1A3956D46DE8}") = "Tests", "Tests", "{62502DD6-F4E4-406C-83FF-7C0550125C2D}"
EndProject
Project("{9A19103F-16F7-4668-BE54-9A1E7A4F7556}") = "Sandbox", "Tests\Sandbox\Sandbox.csproj", "{2F367CFE-42FB-4EAC-8F78-EE6DA3478F8F}"
EndProject
Project("{2150E333-8FDC-42A3-9474-1A3956D46DE8}") = "Services", "Services", "{B5E1A9D3-843A-4E2A-9AC8-891D78A83503}"
EndProject
Project("{9A19103F-16F7-4668-BE54-9A1E7A4F7556}") = "Foody.Services.DataServices", "Services\Foody.Services.DataServices\Foody.Services.DataServices.csproj", "{D5A96A52-767F-4A76-9510-F894729FD98A}"
EndProject
Project("{FAE04EC0-301F-11D3-BF4B-00C04F79EFBC}") = "Foody.Services.WebServices", "Services\Foody.Services.WebServices\Foody.Services.WebServices.csproj", "{4C7079FD-583A-4F9D-8DA1-71E06B5A1168}"
EndProject
Global
	GlobalSection(SolutionConfigurationPlatforms) = preSolution
		Debug|Any CPU = Debug|Any CPU
		Release|Any CPU = Release|Any CPU
	EndGlobalSection
	GlobalSection(ProjectConfigurationPlatforms) = postSolution
		{FCBCA485-F593-41ED-8B75-3F6B782A3975}.Debug|Any CPU.ActiveCfg = Debug|Any CPU
		{FCBCA485-F593-41ED-8B75-3F6B782A3975}.Debug|Any CPU.Build.0 = Debug|Any CPU
		{FCBCA485-F593-41ED-8B75-3F6B782A3975}.Release|Any CPU.ActiveCfg = Release|Any CPU
		{FCBCA485-F593-41ED-8B75-3F6B782A3975}.Release|Any CPU.Build.0 = Release|Any CPU
		{35D3E583-1577-40AE-9278-73174E096780}.Debug|Any CPU.ActiveCfg = Debug|Any CPU
		{35D3E583-1577-40AE-9278-73174E096780}.Debug|Any CPU.Build.0 = Debug|Any CPU
		{35D3E583-1577-40AE-9278-73174E096780}.Release|Any CPU.ActiveCfg = Release|Any CPU
		{35D3E583-1577-40AE-9278-73174E096780}.Release|Any CPU.Build.0 = Release|Any CPU
		{97F4093F-1547-472B-A302-3DA00E8AB9B7}.Debug|Any CPU.ActiveCfg = Debug|Any CPU
		{97F4093F-1547-472B-A302-3DA00E8AB9B7}.Debug|Any CPU.Build.0 = Debug|Any CPU
		{97F4093F-1547-472B-A302-3DA00E8AB9B7}.Release|Any CPU.ActiveCfg = Release|Any CPU
		{97F4093F-1547-472B-A302-3DA00E8AB9B7}.Release|Any CPU.Build.0 = Release|Any CPU
		{2F367CFE-42FB-4EAC-8F78-EE6DA3478F8F}.Debug|Any CPU.ActiveCfg = Debug|Any CPU
		{2F367CFE-42FB-4EAC-8F78-EE6DA3478F8F}.Debug|Any CPU.Build.0 = Debug|Any CPU
		{2F367CFE-42FB-4EAC-8F78-EE6DA3478F8F}.Release|Any CPU.ActiveCfg = Release|Any CPU
		{2F367CFE-42FB-4EAC-8F78-EE6DA3478F8F}.Release|Any CPU.Build.0 = Release|Any CPU
		{D5A96A52-767F-4A76-9510-F894729FD98A}.Debug|Any CPU.ActiveCfg = Debug|Any CPU
		{D5A96A52-767F-4A76-9510-F894729FD98A}.Debug|Any CPU.Build.0 = Debug|Any CPU
		{D5A96A52-767F-4A76-9510-F894729FD98A}.Release|Any CPU.ActiveCfg = Release|Any CPU
		{D5A96A52-767F-4A76-9510-F894729FD98A}.Release|Any CPU.Build.0 = Release|Any CPU
		{4C7079FD-583A-4F9D-8DA1-71E06B5A1168}.Debug|Any CPU.ActiveCfg = Debug|Any CPU
		{4C7079FD-583A-4F9D-8DA1-71E06B5A1168}.Debug|Any CPU.Build.0 = Debug|Any CPU
		{4C7079FD-583A-4F9D-8DA1-71E06B5A1168}.Release|Any CPU.ActiveCfg = Release|Any CPU
		{4C7079FD-583A-4F9D-8DA1-71E06B5A1168}.Release|Any CPU.Build.0 = Release|Any CPU
	EndGlobalSection
	GlobalSection(SolutionProperties) = preSolution
		HideSolutionNode = FALSE
	EndGlobalSection
	GlobalSection(NestedProjects) = preSolution
		{FCBCA485-F593-41ED-8B75-3F6B782A3975} = {6033CA2F-B845-4F64-9475-8CE595B4162B}
		{35D3E583-1577-40AE-9278-73174E096780} = {543FC3D6-0109-497A-B917-23261BB99708}
		{97F4093F-1547-472B-A302-3DA00E8AB9B7} = {543FC3D6-0109-497A-B917-23261BB99708}
		{2F367CFE-42FB-4EAC-8F78-EE6DA3478F8F} = {62502DD6-F4E4-406C-83FF-7C0550125C2D}
		{D5A96A52-767F-4A76-9510-F894729FD98A} = {B5E1A9D3-843A-4E2A-9AC8-891D78A83503}
		{4C7079FD-583A-4F9D-8DA1-71E06B5A1168} = {B5E1A9D3-843A-4E2A-9AC8-891D78A83503}
	EndGlobalSection
	GlobalSection(ExtensibilityGlobals) = postSolution
		SolutionGuid = {4ED3AE99-6B9E-4111-BF76-81133860BA3D}
	EndGlobalSection
EndGlobal
